
Microsoft Visual Studio Solution File, Format Version 12.00
# Visual Studio Version 17
VisualStudioVersion = 17.5.33530.505
MinimumVisualStudioVersion = 10.0.40219.1
Project("{FAE04EC0-301F-11D3-BF4B-00C04F79EFBC}") = "HomeWorkTryCatch", "HomeWorkTryCatch\HomeWorkTryCatch.csproj", "{46AE77D6-F212-4DC4-A576-FF1E5790F5FC}"
EndProject
Global
	GlobalSection(SolutionConfigurationPlatforms) = preSolution
		Debug|Any CPU = Debug|Any CPU
		Release|Any CPU = Release|Any CPU
	EndGlobalSection
	GlobalSection(ProjectConfigurationPlatforms) = postSolution
		{46AE77D6-F212-4DC4-A576-FF1E5790F5FC}.Debug|Any CPU.ActiveCfg = Debug|Any CPU
		{46AE77D6-F212-4DC4-A576-FF1E5790F5FC}.Debug|Any CPU.Build.0 = Debug|Any CPU
		{46AE77D6-F212-4DC4-A576-FF1E5790F5FC}.Release|Any CPU.ActiveCfg = Release|Any CPU
		{46AE77D6-F212-4DC4-A576-FF1E5790F5FC}.Release|Any CPU.Build.0 = Release|Any CPU
	EndGlobalSection
	GlobalSection(SolutionProperties) = preSolution
		HideSolutionNode = FALSE
	EndGlobalSection
	GlobalSection(ExtensibilityGlobals) = postSolution
		SolutionGuid = {6D415A50-B48A-427E-A3C4-96031F9AE4CD}
	EndGlobalSection
EndGlobal
