
Microsoft Visual Studio Solution File, Format Version 12.00
# Visual Studio Version 17
VisualStudioVersion = 17.5.33530.505
MinimumVisualStudioVersion = 10.0.40219.1
Project("{FAE04EC0-301F-11D3-BF4B-00C04F79EFBC}") = "StudentsScores", "StudentsScores\StudentsScores.csproj", "{6E25E838-8F6B-42B1-BF98-8F5D4F179986}"
EndProject
Global
	GlobalSection(SolutionConfigurationPlatforms) = preSolution
		Debug|Any CPU = Debug|Any CPU
		Release|Any CPU = Release|Any CPU
	EndGlobalSection
	GlobalSection(ProjectConfigurationPlatforms) = postSolution
		{6E25E838-8F6B-42B1-BF98-8F5D4F179986}.Debug|Any CPU.ActiveCfg = Debug|Any CPU
		{6E25E838-8F6B-42B1-BF98-8F5D4F179986}.Debug|Any CPU.Build.0 = Debug|Any CPU
		{6E25E838-8F6B-42B1-BF98-8F5D4F179986}.Release|Any CPU.ActiveCfg = Release|Any CPU
		{6E25E838-8F6B-42B1-BF98-8F5D4F179986}.Release|Any CPU.Build.0 = Release|Any CPU
	EndGlobalSection
	GlobalSection(SolutionProperties) = preSolution
		HideSolutionNode = FALSE
	EndGlobalSection
	GlobalSection(ExtensibilityGlobals) = postSolution
		SolutionGuid = {C227236C-BD92-473C-A096-D8C26DF1BB99}
	EndGlobalSection
EndGlobal
